# Generated by pub
# See http://pub.dartlang.org/doc/glossary.html#lockfile
packages:
  browser:
    description: browser
    source: hosted
    version: "0.10.0+2"
  game_loop:
    description:
      ref: null
      resolved-ref: c04776220b9e1ad5990df59b6625822ed2599317
      url: "https://github.com/johnmccutchan/game_loop.git"
    source: git
    version: "0.9.4"
  vector_math:
    description: vector_math
    source: hosted
    version: "1.4.3"
